// !$*UTF8*$!
{
	archiveVersion = 1;
	classes = {
	};
	objectVersion = 56;
	objects = {

/* Begin PBXBuildFile section */
		066C72822BE7FBC1001C8328 /* BarView.swift in Sources */ = {isa = PBXBuildFile; fileRef = 066C72812BE7FBC1001C8328 /* BarView.swift */; };
		066C72842BE7FD65001C8328 /* AccountPage.swift in Sources */ = {isa = PBXBuildFile; fileRef = 066C72832BE7FD65001C8328 /* AccountPage.swift */; };
		33AE1EAF2BE54D8E007CF492 /* PostView.swift in Sources */ = {isa = PBXBuildFile; fileRef = 33AE1EAE2BE54D8E007CF492 /* PostView.swift */; };
		33C6CDDF2BD81B6D00910354 /* socialMediaApp.swift in Sources */ = {isa = PBXBuildFile; fileRef = 33C6CDDE2BD81B6D00910354 /* socialMediaApp.swift */; };
		33C6CDE12BD81B6D00910354 /* ContentView.swift in Sources */ = {isa = PBXBuildFile; fileRef = 33C6CDE02BD81B6D00910354 /* ContentView.swift */; };
		33C6CDE32BD81B6F00910354 /* Assets.xcassets in Resources */ = {isa = PBXBuildFile; fileRef = 33C6CDE22BD81B6F00910354 /* Assets.xcassets */; };
		33C6CDE62BD81B6F00910354 /* Preview Assets.xcassets in Resources */ = {isa = PBXBuildFile; fileRef = 33C6CDE52BD81B6F00910354 /* Preview Assets.xcassets */; };
		33DADCF32BDFEBC00071EE3A /* createPage.swift in Sources */ = {isa = PBXBuildFile; fileRef = 33DADCF22BDFEBC00071EE3A /* createPage.swift */; };
		33DADCF82BDFF9090071EE3A /* MadimiOne-Regular.ttf in Resources */ = {isa = PBXBuildFile; fileRef = 33DADCF72BDFF7B00071EE3A /* MadimiOne-Regular.ttf */; };
		33DADCFC2BDFFAAE0071EE3A /* BebasNeue-Regular.ttf in Resources */ = {isa = PBXBuildFile; fileRef = 33DADCFB2BDFFAAE0071EE3A /* BebasNeue-Regular.ttf */; };
		33DADCFE2BE003B90071EE3A /* homePage.swift in Sources */ = {isa = PBXBuildFile; fileRef = 33DADCFD2BE003B90071EE3A /* homePage.swift */; };
/* End PBXBuildFile section */

/* Begin PBXFileReference section */
		066C72812BE7FBC1001C8328 /* BarView.swift */ = {isa = PBXFileReference; lastKnownFileType = sourcecode.swift; path = BarView.swift; sourceTree = "<group>"; };
		066C72832BE7FD65001C8328 /* AccountPage.swift */ = {isa = PBXFileReference; lastKnownFileType = sourcecode.swift; path = AccountPage.swift; sourceTree = "<group>"; };
		33AE1EAE2BE54D8E007CF492 /* PostView.swift */ = {isa = PBXFileReference; lastKnownFileType = sourcecode.swift; path = PostView.swift; sourceTree = "<group>"; };
		33C6CDDB2BD81B6D00910354 /* socialMedia.app */ = {isa = PBXFileReference; explicitFileType = wrapper.application; includeInIndex = 0; path = socialMedia.app; sourceTree = BUILT_PRODUCTS_DIR; };
		33C6CDDE2BD81B6D00910354 /* socialMediaApp.swift */ = {isa = PBXFileReference; lastKnownFileType = sourcecode.swift; path = socialMediaApp.swift; sourceTree = "<group>"; };
		33C6CDE02BD81B6D00910354 /* ContentView.swift */ = {isa = PBXFileReference; lastKnownFileType = sourcecode.swift; path = ContentView.swift; sourceTree = "<group>"; };
		33C6CDE22BD81B6F00910354 /* Assets.xcassets */ = {isa = PBXFileReference; lastKnownFileType = folder.assetcatalog; path = Assets.xcassets; sourceTree = "<group>"; };
		33C6CDE52BD81B6F00910354 /* Preview Assets.xcassets */ = {isa = PBXFileReference; lastKnownFileType = folder.assetcatalog; path = "Preview Assets.xcassets"; sourceTree = "<group>"; };
		33DADCF22BDFEBC00071EE3A /* createPage.swift */ = {isa = PBXFileReference; lastKnownFileType = sourcecode.swift; path = createPage.swift; sourceTree = "<group>"; };
		33DADCF62BDFF7700071EE3A /* Info.plist */ = {isa = PBXFileReference; lastKnownFileType = text.plist; path = Info.plist; sourceTree = "<group>"; };
		33DADCF72BDFF7B00071EE3A /* MadimiOne-Regular.ttf */ = {isa = PBXFileReference; lastKnownFileType = file; path = "MadimiOne-Regular.ttf"; sourceTree = "<group>"; };
		33DADCFB2BDFFAAE0071EE3A /* BebasNeue-Regular.ttf */ = {isa = PBXFileReference; lastKnownFileType = file; path = "BebasNeue-Regular.ttf"; sourceTree = "<group>"; };
		33DADCFD2BE003B90071EE3A /* homePage.swift */ = {isa = PBXFileReference; lastKnownFileType = sourcecode.swift; path = homePage.swift; sourceTree = "<group>"; };
/* End PBXFileReference section */

/* Begin PBXFrameworksBuildPhase section */
		33C6CDD82BD81B6D00910354 /* Frameworks */ = {
			isa = PBXFrameworksBuildPhase;
			buildActionMask = 2147483647;
			files = (
			);
			runOnlyForDeploymentPostprocessing = 0;
		};
/* End PBXFrameworksBuildPhase section */

/* Begin PBXGroup section */
		33C6CDD22BD81B6D00910354 = {
			isa = PBXGroup;
			children = (
				33C6CDDD2BD81B6D00910354 /* socialMedia */,
				33C6CDDC2BD81B6D00910354 /* Products */,
			);
			sourceTree = "<group>";
		};
		33C6CDDC2BD81B6D00910354 /* Products */ = {
			isa = PBXGroup;
			children = (
				33C6CDDB2BD81B6D00910354 /* socialMedia.app */,
			);
			name = Products;
			sourceTree = "<group>";
		};
		33C6CDDD2BD81B6D00910354 /* socialMedia */ = {
			isa = PBXGroup;
			children = (
				33DADCF62BDFF7700071EE3A /* Info.plist */,
				33C6CDDE2BD81B6D00910354 /* socialMediaApp.swift */,
				33C6CDE02BD81B6D00910354 /* ContentView.swift */,
				33DADCF22BDFEBC00071EE3A /* createPage.swift */,
				33DADCFD2BE003B90071EE3A /* homePage.swift */,
				066C72812BE7FBC1001C8328 /* BarView.swift */,
				066C72832BE7FD65001C8328 /* AccountPage.swift */,
				33AE1EAE2BE54D8E007CF492 /* PostView.swift */,
				33DADCFB2BDFFAAE0071EE3A /* BebasNeue-Regular.ttf */,
				33DADCF72BDFF7B00071EE3A /* MadimiOne-Regular.ttf */,
				33C6CDE22BD81B6F00910354 /* Assets.xcassets */,
				33C6CDE42BD81B6F00910354 /* Preview Content */,
			);
			path = socialMedia;
			sourceTree = "<group>";
		};
		33C6CDE42BD81B6F00910354 /* Preview Content */ = {
			isa = PBXGroup;
			children = (
				33C6CDE52BD81B6F00910354 /* Preview Assets.xcassets */,
			);
			path = "Preview Content";
			sourceTree = "<group>";
		};
/* End PBXGroup section */

/* Begin PBXNativeTarget section */
		33C6CDDA2BD81B6D00910354 /* socialMedia */ = {
			isa = PBXNativeTarget;
			buildConfigurationList = 33C6CDE92BD81B6F00910354 /* Build configuration list for PBXNativeTarget "socialMedia" */;
			buildPhases = (
				33C6CDD72BD81B6D00910354 /* Sources */,
				33C6CDD82BD81B6D00910354 /* Frameworks */,
				33C6CDD92BD81B6D00910354 /* Resources */,
			);
			buildRules = (
			);
			dependencies = (
			);
			name = socialMedia;
			productName = socialMedia;
			productReference = 33C6CDDB2BD81B6D00910354 /* socialMedia.app */;
			productType = "com.apple.product-type.application";
		};
/* End PBXNativeTarget section */

/* Begin PBXProject section */
		33C6CDD32BD81B6D00910354 /* Project object */ = {
			isa = PBXProject;
			attributes = {
				BuildIndependentTargetsInParallel = 1;
				LastSwiftUpdateCheck = 1510;
				LastUpgradeCheck = 1510;
				TargetAttributes = {
					33C6CDDA2BD81B6D00910354 = {
						CreatedOnToolsVersion = 15.1;
					};
				};
			};
			buildConfigurationList = 33C6CDD62BD81B6D00910354 /* Build configuration list for PBXProject "socialMedia" */;
			compatibilityVersion = "Xcode 14.0";
			developmentRegion = en;
			hasScannedForEncodings = 0;
			knownRegions = (
				en,
				Base,
			);
			mainGroup = 33C6CDD22BD81B6D00910354;
			productRefGroup = 33C6CDDC2BD81B6D00910354 /* Products */;
			projectDirPath = "";
			projectRoot = "";
			targets = (
				33C6CDDA2BD81B6D00910354 /* socialMedia */,
			);
		};
/* End PBXProject section */

/* Begin PBXResourcesBuildPhase section */
		33C6CDD92BD81B6D00910354 /* Resources */ = {
			isa = PBXResourcesBuildPhase;
			buildActionMask = 2147483647;
			files = (
				33DADCF82BDFF9090071EE3A /* MadimiOne-Regular.ttf in Resources */,
				33C6CDE62BD81B6F00910354 /* Preview Assets.xcassets in Resources */,
				33DADCFC2BDFFAAE0071EE3A /* BebasNeue-Regular.ttf in Resources */,
				33C6CDE32BD81B6F00910354 /* Assets.xcassets in Resources */,
			);
			runOnlyForDeploymentPostprocessing = 0;
		};
/* End PBXResourcesBuildPhase section */

/* Begin PBXSourcesBuildPhase section */
		33C6CDD72BD81B6D00910354 /* Sources */ = {
			isa = PBXSourcesBuildPhase;
			buildActionMask = 2147483647;
			files = (
				066C72822BE7FBC1001C8328 /* BarView.swift in Sources */,
				33C6CDE12BD81B6D00910354 /* ContentView.swift in Sources */,
				066C72842BE7FD65001C8328 /* AccountPage.swift in Sources */,
				33C6CDDF2BD81B6D00910354 /* socialMediaApp.swift in Sources */,
				33DADCF32BDFEBC00071EE3A /* createPage.swift in Sources */,
				33AE1EAF2BE54D8E007CF492 /* PostView.swift in Sources */,
				33DADCFE2BE003B90071EE3A /* homePage.swift in Sources */,
			);
			runOnlyForDeploymentPostprocessing = 0;
		};
/* End PBXSourcesBuildPhase section */

/* Begin XCBuildConfiguration section */
		33C6CDE72BD81B6F00910354 /* Debug */ = {
			isa = XCBuildConfiguration;
			buildSettings = {
				ALWAYS_SEARCH_USER_PATHS = NO;
				ASSETCATALOG_COMPILER_GENERATE_SWIFT_ASSET_SYMBOL_EXTENSIONS = YES;
				CLANG_ANALYZER_NONNULL = YES;
				CLANG_ANALYZER_NUMBER_OBJECT_CONVERSION = YES_AGGRESSIVE;
				CLANG_CXX_LANGUAGE_STANDARD = "gnu++20";
				CLANG_ENABLE_MODULES = YES;
				CLANG_ENABLE_OBJC_ARC = YES;
				CLANG_ENABLE_OBJC_WEAK = YES;
				CLANG_WARN_BLOCK_CAPTURE_AUTORELEASING = YES;
				CLANG_WARN_BOOL_CONVERSION = YES;
				CLANG_WARN_COMMA = YES;
				CLANG_WARN_CONSTANT_CONVERSION = YES;
				CLANG_WARN_DEPRECATED_OBJC_IMPLEMENTATIONS = YES;
				CLANG_WARN_DIRECT_OBJC_ISA_USAGE = YES_ERROR;
				CLANG_WARN_DOCUMENTATION_COMMENTS = YES;
				CLANG_WARN_EMPTY_BODY = YES;
				CLANG_WARN_ENUM_CONVERSION = YES;
				CLANG_WARN_INFINITE_RECURSION = YES;
				CLANG_WARN_INT_CONVERSION = YES;
				CLANG_WARN_NON_LITERAL_NULL_CONVERSION = YES;
				CLANG_WARN_OBJC_IMPLICIT_RETAIN_SELF = YES;
				CLANG_WARN_OBJC_LITERAL_CONVERSION = YES;
				CLANG_WARN_OBJC_ROOT_CLASS = YES_ERROR;
				CLANG_WARN_QUOTED_INCLUDE_IN_FRAMEWORK_HEADER = YES;
				CLANG_WARN_RANGE_LOOP_ANALYSIS = YES;
				CLANG_WARN_STRICT_PROTOTYPES = YES;
				CLANG_WARN_SUSPICIOUS_MOVE = YES;
				CLANG_WARN_UNGUARDED_AVAILABILITY = YES_AGGRESSIVE;
				CLANG_WARN_UNREACHABLE_CODE = YES;
				CLANG_WARN__DUPLICATE_METHOD_MATCH = YES;
				COPY_PHASE_STRIP = NO;
				DEBUG_INFORMATION_FORMAT = dwarf;
				ENABLE_STRICT_OBJC_MSGSEND = YES;
				ENABLE_TESTABILITY = YES;
				ENABLE_USER_SCRIPT_SANDBOXING = YES;
				GCC_C_LANGUAGE_STANDARD = gnu17;
				GCC_DYNAMIC_NO_PIC = NO;
				GCC_NO_COMMON_BLOCKS = YES;
				GCC_OPTIMIZATION_LEVEL = 0;
				GCC_PREPROCESSOR_DEFINITIONS = (
					"DEBUG=1",
					"$(inherited)",
				);
				GCC_WARN_64_TO_32_BIT_CONVERSION = YES;
				GCC_WARN_ABOUT_RETURN_TYPE = YES_ERROR;
				GCC_WARN_UNDECLARED_SELECTOR = YES;
				GCC_WARN_UNINITIALIZED_AUTOS = YES_AGGRESSIVE;
				GCC_WARN_UNUSED_FUNCTION = YES;
				GCC_WARN_UNUSED_VARIABLE = YES;
				IPHONEOS_DEPLOYMENT_TARGET = 17.2;
				LOCALIZATION_PREFERS_STRING_CATALOGS = YES;
				MTL_ENABLE_DEBUG_INFO = INCLUDE_SOURCE;
				MTL_FAST_MATH = YES;
				ONLY_ACTIVE_ARCH = YES;
				SDKROOT = iphoneos;
				SWIFT_ACTIVE_COMPILATION_CONDITIONS = "DEBUG $(inherited)";
				SWIFT_OPTIMIZATION_LEVEL = "-Onone";
			};
			name = Debug;
		};
		33C6CDE82BD81B6F00910354 /* Release */ = {
			isa = XCBuildConfiguration;
			buildSettings = {
				ALWAYS_SEARCH_USER_PATHS = NO;
				ASSETCATALOG_COMPILER_GENERATE_SWIFT_ASSET_SYMBOL_EXTENSIONS = YES;
				CLANG_ANALYZER_NONNULL = YES;
				CLANG_ANALYZER_NUMBER_OBJECT_CONVERSION = YES_AGGRESSIVE;
				CLANG_CXX_LANGUAGE_STANDARD = "gnu++20";
				CLANG_ENABLE_MODULES = YES;
				CLANG_ENABLE_OBJC_ARC = YES;
				CLANG_ENABLE_OBJC_WEAK = YES;
				CLANG_WARN_BLOCK_CAPTURE_AUTORELEASING = YES;
				CLANG_WARN_BOOL_CONVERSION = YES;
				CLANG_WARN_COMMA = YES;
				CLANG_WARN_CONSTANT_CONVERSION = YES;
				CLANG_WARN_DEPRECATED_OBJC_IMPLEMENTATIONS = YES;
				CLANG_WARN_DIRECT_OBJC_ISA_USAGE = YES_ERROR;
				CLANG_WARN_DOCUMENTATION_COMMENTS = YES;
				CLANG_WARN_EMPTY_BODY = YES;
				CLANG_WARN_ENUM_CONVERSION = YES;
				CLANG_WARN_INFINITE_RECURSION = YES;
				CLANG_WARN_INT_CONVERSION = YES;
				CLANG_WARN_NON_LITERAL_NULL_CONVERSION = YES;
				CLANG_WARN_OBJC_IMPLICIT_RETAIN_SELF = YES;
				CLANG_WARN_OBJC_LITERAL_CONVERSION = YES;
				CLANG_WARN_OBJC_ROOT_CLASS = YES_ERROR;
				CLANG_WARN_QUOTED_INCLUDE_IN_FRAMEWORK_HEADER = YES;
				CLANG_WARN_RANGE_LOOP_ANALYSIS = YES;
				CLANG_WARN_STRICT_PROTOTYPES = YES;
				CLANG_WARN_SUSPICIOUS_MOVE = YES;
				CLANG_WARN_UNGUARDED_AVAILABILITY = YES_AGGRESSIVE;
				CLANG_WARN_UNREACHABLE_CODE = YES;
				CLANG_WARN__DUPLICATE_METHOD_MATCH = YES;
				COPY_PHASE_STRIP = NO;
				DEBUG_INFORMATION_FORMAT = "dwarf-with-dsym";
				ENABLE_NS_ASSERTIONS = NO;
				ENABLE_STRICT_OBJC_MSGSEND = YES;
				ENABLE_USER_SCRIPT_SANDBOXING = YES;
				GCC_C_LANGUAGE_STANDARD = gnu17;
				GCC_NO_COMMON_BLOCKS = YES;
				GCC_WARN_64_TO_32_BIT_CONVERSION = YES;
				GCC_WARN_ABOUT_RETURN_TYPE = YES_ERROR;
				GCC_WARN_UNDECLARED_SELECTOR = YES;
				GCC_WARN_UNINITIALIZED_AUTOS = YES_AGGRESSIVE;
				GCC_WARN_UNUSED_FUNCTION = YES;
				GCC_WARN_UNUSED_VARIABLE = YES;
				IPHONEOS_DEPLOYMENT_TARGET = 17.2;
				LOCALIZATION_PREFERS_STRING_CATALOGS = YES;
				MTL_ENABLE_DEBUG_INFO = NO;
				MTL_FAST_MATH = YES;
				SDKROOT = iphoneos;
				SWIFT_COMPILATION_MODE = wholemodule;
				VALIDATE_PRODUCT = YES;
			};
			name = Release;
		};
		33C6CDEA2BD81B6F00910354 /* Debug */ = {
			isa = XCBuildConfiguration;
			buildSettings = {
				ASSETCATALOG_COMPILER_APPICON_NAME = AppIcon;
				ASSETCATALOG_COMPILER_GLOBAL_ACCENT_COLOR_NAME = AccentColor;
				CODE_SIGN_STYLE = Automatic;
				CURRENT_PROJECT_VERSION = 1;
				DEVELOPMENT_ASSET_PATHS = "\"socialMedia/Preview Content\"";
				ENABLE_PREVIEWS = YES;
				GENERATE_INFOPLIST_FILE = YES;
				INFOPLIST_FILE = socialMedia/Info.plist;
				INFOPLIST_KEY_UIApplicationSceneManifest_Generation = YES;
				INFOPLIST_KEY_UIApplicationSupportsIndirectInputEvents = YES;
				INFOPLIST_KEY_UILaunchScreen_Generation = YES;
				INFOPLIST_KEY_UISupportedInterfaceOrientations_iPad = "UIInterfaceOrientationPortrait UIInterfaceOrientationPortraitUpsideDown UIInterfaceOrientationLandscapeLeft UIInterfaceOrientationLandscapeRight";
				INFOPLIST_KEY_UISupportedInterfaceOrientations_iPhone = "UIInterfaceOrientationPortrait UIInterfaceOrientationLandscapeLeft UIInterfaceOrientationLandscapeRight";
				LD_RUNPATH_SEARCH_PATHS = (
					"$(inherited)",
					"@executable_path/Frameworks",
				);
				MARKETING_VERSION = 1.0;
				PRODUCT_BUNDLE_IDENTIFIER = foo.socialMedia;
				PRODUCT_NAME = "$(TARGET_NAME)";
				SWIFT_EMIT_LOC_STRINGS = YES;
				SWIFT_VERSION = 5.0;
				TARGETED_DEVICE_FAMILY = "1,2";
			};
			name = Debug;
		};
		33C6CDEB2BD81B6F00910354 /* Release */ = {
			isa = XCBuildConfiguration;
			buildSettings = {
				ASSETCATALOG_COMPILER_APPICON_NAME = AppIcon;
				ASSETCATALOG_COMPILER_GLOBAL_ACCENT_COLOR_NAME = AccentColor;
				CODE_SIGN_STYLE = Automatic;
				CURRENT_PROJECT_VERSION = 1;
				DEVELOPMENT_ASSET_PATHS = "\"socialMedia/Preview Content\"";
				ENABLE_PREVIEWS = YES;
				GENERATE_INFOPLIST_FILE = YES;
				INFOPLIST_FILE = socialMedia/Info.plist;
				INFOPLIST_KEY_UIApplicationSceneManifest_Generation = YES;
				INFOPLIST_KEY_UIApplicationSupportsIndirectInputEvents = YES;
				INFOPLIST_KEY_UILaunchScreen_Generation = YES;
				INFOPLIST_KEY_UISupportedInterfaceOrientations_iPad = "UIInterfaceOrientationPortrait UIInterfaceOrientationPortraitUpsideDown UIInterfaceOrientationLandscapeLeft UIInterfaceOrientationLandscapeRight";
				INFOPLIST_KEY_UISupportedInterfaceOrientations_iPhone = "UIInterfaceOrientationPortrait UIInterfaceOrientationLandscapeLeft UIInterfaceOrientationLandscapeRight";
				LD_RUNPATH_SEARCH_PATHS = (
					"$(inherited)",
					"@executable_path/Frameworks",
				);
				MARKETING_VERSION = 1.0;
				PRODUCT_BUNDLE_IDENTIFIER = foo.socialMedia;
				PRODUCT_NAME = "$(TARGET_NAME)";
				SWIFT_EMIT_LOC_STRINGS = YES;
				SWIFT_VERSION = 5.0;
				TARGETED_DEVICE_FAMILY = "1,2";
			};
			name = Release;
		};
/* End XCBuildConfiguration section */

/* Begin XCConfigurationList section */
		33C6CDD62BD81B6D00910354 /* Build configuration list for PBXProject "socialMedia" */ = {
			isa = XCConfigurationList;
			buildConfigurations = (
				33C6CDE72BD81B6F00910354 /* Debug */,
				33C6CDE82BD81B6F00910354 /* Release */,
			);
			defaultConfigurationIsVisible = 0;
			defaultConfigurationName = Release;
		};
		33C6CDE92BD81B6F00910354 /* Build configuration list for PBXNativeTarget "socialMedia" */ = {
			isa = XCConfigurationList;
			buildConfigurations = (
				33C6CDEA2BD81B6F00910354 /* Debug */,
				33C6CDEB2BD81B6F00910354 /* Release */,
			);
			defaultConfigurationIsVisible = 0;
			defaultConfigurationName = Release;
		};
/* End XCConfigurationList section */
	};
	rootObject = 33C6CDD32BD81B6D00910354 /* Project object */;
}
